dependencies:
- name: postgresql
  repository: https://charts.bitnami.com/bitnami
  version: 15.5.38
- name: kube-prometheus-stack
  repository: https://prometheus-community.github.io/helm-charts
  version: 58.7.2
digest: sha256:ff22dc10d7ff05b1d2f89599818fa0dcd25b4918aabd0517482fb5f1bae2f69c
generated: "2026-04-13T21:06:49.42449376+03:00"
